
Microsoft Visual Studio Solution File, Format Version 12.00
# Visual Studio Version 16
Project("{8BC9CEB8-8B4A-11D0-8D11-00A0C91BC942}") = "ALL_BUILD", "ALL_BUILD.vcxproj", "{34E4462B-9E1E-31B7-844C-1FC03B7FEA79}"
	ProjectSection(ProjectDependencies) = postProject
		{3F78D682-9E61-3B63-AA75-4FDA753E8196} = {3F78D682-9E61-3B63-AA75-4FDA753E8196}
		{AD4C0575-F707-3922-B8E4-FDCF8FDE166B} = {AD4C0575-F707-3922-B8E4-FDCF8FDE166B}
		{28B82CD7-C424-3285-B90E-B485096794A9} = {28B82CD7-C424-3285-B90E-B485096794A9}
		{638A902A-003B-3DA7-BEAE-5B27C4B64FD6} = {638A902A-003B-3DA7-BEAE-5B27C4B64FD6}
		{5FB4BAE1-20C1-33CD-86B4-8BBFB01FEE2B} = {5FB4BAE1-20C1-33CD-86B4-8BBFB01FEE2B}
		{EC0A31B0-12B8-3441-89AD-D43741A32778} = {EC0A31B0-12B8-3441-89AD-D43741A32778}
		{253BCCC5-30BE-3E03-89E6-1802EBD9E804} = {253BCCC5-30BE-3E03-89E6-1802EBD9E804}
		{06FF819F-9FA4-3BC7-842D-78A1311C2E00} = {06FF819F-9FA4-3BC7-842D-78A1311C2E00}
		{248142AE-3272-3089-A094-848993EB49A0} = {248142AE-3272-3089-A094-848993EB49A0}
	EndProjectSection
EndProject
Project("{8BC9CEB8-8B4A-11D0-8D11-00A0C91BC942}") = "ZERO_CHECK", "ZERO_CHECK.vcxproj", "{3F78D682-9E61-3B63-AA75-4FDA753E8196}"
	ProjectSection(ProjectDependencies) = postProject
	EndProjectSection
EndProject
Project("{8BC9CEB8-8B4A-11D0-8D11-00A0C91BC942}") = "ndim_gaussian", "ndim_gaussian.vcxproj", "{AD4C0575-F707-3922-B8E4-FDCF8FDE166B}"
	ProjectSection(ProjectDependencies) = postProject
		{3F78D682-9E61-3B63-AA75-4FDA753E8196} = {3F78D682-9E61-3B63-AA75-4FDA753E8196}
	EndProjectSection
EndProject
Project("{8BC9CEB8-8B4A-11D0-8D11-00A0C91BC942}") = "slam_graph", "slam_graph.vcxproj", "{28B82CD7-C424-3285-B90E-B485096794A9}"
	ProjectSection(ProjectDependencies) = postProject
		{3F78D682-9E61-3B63-AA75-4FDA753E8196} = {3F78D682-9E61-3B63-AA75-4FDA753E8196}
		{AD4C0575-F707-3922-B8E4-FDCF8FDE166B} = {AD4C0575-F707-3922-B8E4-FDCF8FDE166B}
	EndProjectSection
EndProject
Project("{8BC9CEB8-8B4A-11D0-8D11-00A0C91BC942}") = "test_anchor_factor", "test_anchor_factor.vcxproj", "{638A902A-003B-3DA7-BEAE-5B27C4B64FD6}"
	ProjectSection(ProjectDependencies) = postProject
		{3F78D682-9E61-3B63-AA75-4FDA753E8196} = {3F78D682-9E61-3B63-AA75-4FDA753E8196}
		{AD4C0575-F707-3922-B8E4-FDCF8FDE166B} = {AD4C0575-F707-3922-B8E4-FDCF8FDE166B}
		{28B82CD7-C424-3285-B90E-B485096794A9} = {28B82CD7-C424-3285-B90E-B485096794A9}
	EndProjectSection
EndProject
Project("{8BC9CEB8-8B4A-11D0-8D11-00A0C91BC942}") = "test_gaussian", "test_gaussian.vcxproj", "{5FB4BAE1-20C1-33CD-86B4-8BBFB01FEE2B}"
	ProjectSection(ProjectDependencies) = postProject
		{3F78D682-9E61-3B63-AA75-4FDA753E8196} = {3F78D682-9E61-3B63-AA75-4FDA753E8196}
		{AD4C0575-F707-3922-B8E4-FDCF8FDE166B} = {AD4C0575-F707-3922-B8E4-FDCF8FDE166B}
	EndProjectSection
EndProject
Project("{8BC9CEB8-8B4A-11D0-8D11-00A0C91BC942}") = "test_gbp", "test_gbp.vcxproj", "{EC0A31B0-12B8-3441-89AD-D43741A32778}"
	ProjectSection(ProjectDependencies) = postProject
		{3F78D682-9E61-3B63-AA75-4FDA753E8196} = {3F78D682-9E61-3B63-AA75-4FDA753E8196}
		{AD4C0575-F707-3922-B8E4-FDCF8FDE166B} = {AD4C0575-F707-3922-B8E4-FDCF8FDE166B}
	EndProjectSection
EndProject
Project("{8BC9CEB8-8B4A-11D0-8D11-00A0C91BC942}") = "test_large_scale_slam", "test_large_scale_slam.vcxproj", "{253BCCC5-30BE-3E03-89E6-1802EBD9E804}"
	ProjectSection(ProjectDependencies) = postProject
		{3F78D682-9E61-3B63-AA75-4FDA753E8196} = {3F78D682-9E61-3B63-AA75-4FDA753E8196}
		{AD4C0575-F707-3922-B8E4-FDCF8FDE166B} = {AD4C0575-F707-3922-B8E4-FDCF8FDE166B}
		{28B82CD7-C424-3285-B90E-B485096794A9} = {28B82CD7-C424-3285-B90E-B485096794A9}
	EndProjectSection
EndProject
Project("{8BC9CEB8-8B4A-11D0-8D11-00A0C91BC942}") = "test_slam_graph", "test_slam_graph.vcxproj", "{06FF819F-9FA4-3BC7-842D-78A1311C2E00}"
	ProjectSection(ProjectDependencies) = postProject
		{3F78D682-9E61-3B63-AA75-4FDA753E8196} = {3F78D682-9E61-3B63-AA75-4FDA753E8196}
		{AD4C0575-F707-3922-B8E4-FDCF8FDE166B} = {AD4C0575-F707-3922-B8E4-FDCF8FDE166B}
		{28B82CD7-C424-3285-B90E-B485096794A9} = {28B82CD7-C424-3285-B90E-B485096794A9}
	EndProjectSection
EndProject
Project("{8BC9CEB8-8B4A-11D0-8D11-00A0C91BC942}") = "test_small_slam", "test_small_slam.vcxproj", "{248142AE-3272-3089-A094-848993EB49A0}"
	ProjectSection(ProjectDependencies) = postProject
		{3F78D682-9E61-3B63-AA75-4FDA753E8196} = {3F78D682-9E61-3B63-AA75-4FDA753E8196}
		{AD4C0575-F707-3922-B8E4-FDCF8FDE166B} = {AD4C0575-F707-3922-B8E4-FDCF8FDE166B}
		{28B82CD7-C424-3285-B90E-B485096794A9} = {28B82CD7-C424-3285-B90E-B485096794A9}
	EndProjectSection
EndProject
Global
	GlobalSection(SolutionConfigurationPlatforms) = preSolution
		Debug|x64 = Debug|x64
		Release|x64 = Release|x64
		MinSizeRel|x64 = MinSizeRel|x64
		RelWithDebInfo|x64 = RelWithDebInfo|x64
	EndGlobalSection
	GlobalSection(ProjectConfigurationPlatforms) = postSolution
		{34E4462B-9E1E-31B7-844C-1FC03B7FEA79}.Debug|x64.ActiveCfg = Debug|x64
		{34E4462B-9E1E-31B7-844C-1FC03B7FEA79}.Release|x64.ActiveCfg = Release|x64
		{34E4462B-9E1E-31B7-844C-1FC03B7FEA79}.MinSizeRel|x64.ActiveCfg = MinSizeRel|x64
		{34E4462B-9E1E-31B7-844C-1FC03B7FEA79}.RelWithDebInfo|x64.ActiveCfg = RelWithDebInfo|x64
		{3F78D682-9E61-3B63-AA75-4FDA753E8196}.Debug|x64.ActiveCfg = Debug|x64
		{3F78D682-9E61-3B63-AA75-4FDA753E8196}.Debug|x64.Build.0 = Debug|x64
		{3F78D682-9E61-3B63-AA75-4FDA753E8196}.Release|x64.ActiveCfg = Release|x64
		{3F78D682-9E61-3B63-AA75-4FDA753E8196}.Release|x64.Build.0 = Release|x64
		{3F78D682-9E61-3B63-AA75-4FDA753E8196}.MinSizeRel|x64.ActiveCfg = MinSizeRel|x64
		{3F78D682-9E61-3B63-AA75-4FDA753E8196}.MinSizeRel|x64.Build.0 = MinSizeRel|x64
		{3F78D682-9E61-3B63-AA75-4FDA753E8196}.RelWithDebInfo|x64.ActiveCfg = RelWithDebInfo|x64
		{3F78D682-9E61-3B63-AA75-4FDA753E8196}.RelWithDebInfo|x64.Build.0 = RelWithDebInfo|x64
		{AD4C0575-F707-3922-B8E4-FDCF8FDE166B}.Debug|x64.ActiveCfg = Debug|x64
		{AD4C0575-F707-3922-B8E4-FDCF8FDE166B}.Debug|x64.Build.0 = Debug|x64
		{AD4C0575-F707-3922-B8E4-FDCF8FDE166B}.Release|x64.ActiveCfg = Release|x64
		{AD4C0575-F707-3922-B8E4-FDCF8FDE166B}.Release|x64.Build.0 = Release|x64
		{AD4C0575-F707-3922-B8E4-FDCF8FDE166B}.MinSizeRel|x64.ActiveCfg = MinSizeRel|x64
		{AD4C0575-F707-3922-B8E4-FDCF8FDE166B}.MinSizeRel|x64.Build.0 = MinSizeRel|x64
		{AD4C0575-F707-3922-B8E4-FDCF8FDE166B}.RelWithDebInfo|x64.ActiveCfg = RelWithDebInfo|x64
		{AD4C0575-F707-3922-B8E4-FDCF8FDE166B}.RelWithDebInfo|x64.Build.0 = RelWithDebInfo|x64
		{28B82CD7-C424-3285-B90E-B485096794A9}.Debug|x64.ActiveCfg = Debug|x64
		{28B82CD7-C424-3285-B90E-B485096794A9}.Debug|x64.Build.0 = Debug|x64
		{28B82CD7-C424-3285-B90E-B485096794A9}.Release|x64.ActiveCfg = Release|x64
		{28B82CD7-C424-3285-B90E-B485096794A9}.Release|x64.Build.0 = Release|x64
		{28B82CD7-C424-3285-B90E-B485096794A9}.MinSizeRel|x64.ActiveCfg = MinSizeRel|x64
		{28B82CD7-C424-3285-B90E-B485096794A9}.MinSizeRel|x64.Build.0 = MinSizeRel|x64
		{28B82CD7-C424-3285-B90E-B485096794A9}.RelWithDebInfo|x64.ActiveCfg = RelWithDebInfo|x64
		{28B82CD7-C424-3285-B90E-B485096794A9}.RelWithDebInfo|x64.Build.0 = RelWithDebInfo|x64
		{638A902A-003B-3DA7-BEAE-5B27C4B64FD6}.Debug|x64.ActiveCfg = Debug|x64
		{638A902A-003B-3DA7-BEAE-5B27C4B64FD6}.Debug|x64.Build.0 = Debug|x64
		{638A902A-003B-3DA7-BEAE-5B27C4B64FD6}.Release|x64.ActiveCfg = Release|x64
		{638A902A-003B-3DA7-BEAE-5B27C4B64FD6}.Release|x64.Build.0 = Release|x64
		{638A902A-003B-3DA7-BEAE-5B27C4B64FD6}.MinSizeRel|x64.ActiveCfg = MinSizeRel|x64
		{638A902A-003B-3DA7-BEAE-5B27C4B64FD6}.MinSizeRel|x64.Build.0 = MinSizeRel|x64
		{638A902A-003B-3DA7-BEAE-5B27C4B64FD6}.RelWithDebInfo|x64.ActiveCfg = RelWithDebInfo|x64
		{638A902A-003B-3DA7-BEAE-5B27C4B64FD6}.RelWithDebInfo|x64.Build.0 = RelWithDebInfo|x64
		{5FB4BAE1-20C1-33CD-86B4-8BBFB01FEE2B}.Debug|x64.ActiveCfg = Debug|x64
		{5FB4BAE1-20C1-33CD-86B4-8BBFB01FEE2B}.Debug|x64.Build.0 = Debug|x64
		{5FB4BAE1-20C1-33CD-86B4-8BBFB01FEE2B}.Release|x64.ActiveCfg = Release|x64
		{5FB4BAE1-20C1-33CD-86B4-8BBFB01FEE2B}.Release|x64.Build.0 = Release|x64
		{5FB4BAE1-20C1-33CD-86B4-8BBFB01FEE2B}.MinSizeRel|x64.ActiveCfg = MinSizeRel|x64
		{5FB4BAE1-20C1-33CD-86B4-8BBFB01FEE2B}.MinSizeRel|x64.Build.0 = MinSizeRel|x64
		{5FB4BAE1-20C1-33CD-86B4-8BBFB01FEE2B}.RelWithDebInfo|x64.ActiveCfg = RelWithDebInfo|x64
		{5FB4BAE1-20C1-33CD-86B4-8BBFB01FEE2B}.RelWithDebInfo|x64.Build.0 = RelWithDebInfo|x64
		{EC0A31B0-12B8-3441-89AD-D43741A32778}.Debug|x64.ActiveCfg = Debug|x64
		{EC0A31B0-12B8-3441-89AD-D43741A32778}.Debug|x64.Build.0 = Debug|x64
		{EC0A31B0-12B8-3441-89AD-D43741A32778}.Release|x64.ActiveCfg = Release|x64
		{EC0A31B0-12B8-3441-89AD-D43741A32778}.Release|x64.Build.0 = Release|x64
		{EC0A31B0-12B8-3441-89AD-D43741A32778}.MinSizeRel|x64.ActiveCfg = MinSizeRel|x64
		{EC0A31B0-12B8-3441-89AD-D43741A32778}.MinSizeRel|x64.Build.0 = MinSizeRel|x64
		{EC0A31B0-12B8-3441-89AD-D43741A32778}.RelWithDebInfo|x64.ActiveCfg = RelWithDebInfo|x64
		{EC0A31B0-12B8-3441-89AD-D43741A32778}.RelWithDebInfo|x64.Build.0 = RelWithDebInfo|x64
		{253BCCC5-30BE-3E03-89E6-1802EBD9E804}.Debug|x64.ActiveCfg = Debug|x64
		{253BCCC5-30BE-3E03-89E6-1802EBD9E804}.Debug|x64.Build.0 = Debug|x64
		{253BCCC5-30BE-3E03-89E6-1802EBD9E804}.Release|x64.ActiveCfg = Release|x64
		{253BCCC5-30BE-3E03-89E6-1802EBD9E804}.Release|x64.Build.0 = Release|x64
		{253BCCC5-30BE-3E03-89E6-1802EBD9E804}.MinSizeRel|x64.ActiveCfg = MinSizeRel|x64
		{253BCCC5-30BE-3E03-89E6-1802EBD9E804}.MinSizeRel|x64.Build.0 = MinSizeRel|x64
		{253BCCC5-30BE-3E03-89E6-1802EBD9E804}.RelWithDebInfo|x64.ActiveCfg = RelWithDebInfo|x64
		{253BCCC5-30BE-3E03-89E6-1802EBD9E804}.RelWithDebInfo|x64.Build.0 = RelWithDebInfo|x64
		{06FF819F-9FA4-3BC7-842D-78A1311C2E00}.Debug|x64.ActiveCfg = Debug|x64
		{06FF819F-9FA4-3BC7-842D-78A1311C2E00}.Debug|x64.Build.0 = Debug|x64
		{06FF819F-9FA4-3BC7-842D-78A1311C2E00}.Release|x64.ActiveCfg = Release|x64
		{06FF819F-9FA4-3BC7-842D-78A1311C2E00}.Release|x64.Build.0 = Release|x64
		{06FF819F-9FA4-3BC7-842D-78A1311C2E00}.MinSizeRel|x64.ActiveCfg = MinSizeRel|x64
		{06FF819F-9FA4-3BC7-842D-78A1311C2E00}.MinSizeRel|x64.Build.0 = MinSizeRel|x64
		{06FF819F-9FA4-3BC7-842D-78A1311C2E00}.RelWithDebInfo|x64.ActiveCfg = RelWithDebInfo|x64
		{06FF819F-9FA4-3BC7-842D-78A1311C2E00}.RelWithDebInfo|x64.Build.0 = RelWithDebInfo|x64
		{248142AE-3272-3089-A094-848993EB49A0}.Debug|x64.ActiveCfg = Debug|x64
		{248142AE-3272-3089-A094-848993EB49A0}.Debug|x64.Build.0 = Debug|x64
		{248142AE-3272-3089-A094-848993EB49A0}.Release|x64.ActiveCfg = Release|x64
		{248142AE-3272-3089-A094-848993EB49A0}.Release|x64.Build.0 = Release|x64
		{248142AE-3272-3089-A094-848993EB49A0}.MinSizeRel|x64.ActiveCfg = MinSizeRel|x64
		{248142AE-3272-3089-A094-848993EB49A0}.MinSizeRel|x64.Build.0 = MinSizeRel|x64
		{248142AE-3272-3089-A094-848993EB49A0}.RelWithDebInfo|x64.ActiveCfg = RelWithDebInfo|x64
		{248142AE-3272-3089-A094-848993EB49A0}.RelWithDebInfo|x64.Build.0 = RelWithDebInfo|x64
	EndGlobalSection
	GlobalSection(ExtensibilityGlobals) = postSolution
		SolutionGuid = {EA45EAA1-8505-331B-830D-45DBE84DCCD0}
	EndGlobalSection
	GlobalSection(ExtensibilityAddIns) = postSolution
	EndGlobalSection
EndGlobal
