<?xml version="1.0" encoding="utf-8"?>
<Project ToolsVersion="16.0" xmlns="http://schemas.microsoft.com/developer/msbuild/2003">
  <ItemGroup>
    <ClCompile Include="C:\Users\27118\Desktop\Imperial\abstraction-recovery\cpp\src\slam\test_slam_graph.cpp">
      <Filter>Source Files</Filter>
    </ClCompile>
  </ItemGroup>
  <ItemGroup>
    <CustomBuild Include="C:\Users\27118\Desktop\Imperial\abstraction-recovery\cpp\CMakeLists.txt" />
  </ItemGroup>
  <ItemGroup>
    <Filter Include="Source Files">
      <UniqueIdentifier>{99A1E5C6-581E-338D-A37A-156D3142171A}</UniqueIdentifier>
    </Filter>
  </ItemGroup>
</Project>
